
Microsoft Visual Studio Solution File, Format Version 12.00
Project("{FAE04EC0-301F-11D3-BF4B-00C04F79EFBC}") = "FrontCompiler", "FrontCompiler\FrontCompiler.csproj", "{F9C94D68-4EF9-402A-8511-1A69661E75BD}"
EndProject
Global
	GlobalSection(SolutionConfigurationPlatforms) = preSolution
		Debug|Any CPU = Debug|Any CPU
		Release|Any CPU = Release|Any CPU
	EndGlobalSection
	GlobalSection(ProjectConfigurationPlatforms) = postSolution
		{F9C94D68-4EF9-402A-8511-1A69661E75BD}.Debug|Any CPU.ActiveCfg = Debug|Any CPU
		{F9C94D68-4EF9-402A-8511-1A69661E75BD}.Debug|Any CPU.Build.0 = Debug|Any CPU
		{F9C94D68-4EF9-402A-8511-1A69661E75BD}.Release|Any CPU.ActiveCfg = Release|Any CPU
		{F9C94D68-4EF9-402A-8511-1A69661E75BD}.Release|Any CPU.Build.0 = Release|Any CPU
	EndGlobalSection
EndGlobal
